
Microsoft Visual Studio Solution File, Format Version 12.00
# Visual Studio 14
VisualStudioVersion = 14.0.24720.0
MinimumVisualStudioVersion = 10.0.40219.1
Project("{FAE04EC0-301F-11D3-BF4B-00C04F79EFBC}") = "PhotoProspector", "PhotoProspector\PhotoProspector.csproj", "{A558BE8A-42B6-4E28-9EBD-E58FA735858B}"
EndProject
Project("{FAE04EC0-301F-11D3-BF4B-00C04F79EFBC}") = "PhotoProspector.Tests", "PhotoProspector.Tests\PhotoProspector.Tests.csproj", "{B93D8591-AF80-4CA0-AF62-839F6D3F7524}"
EndProject
Project("{FAE04EC0-301F-11D3-BF4B-00C04F79EFBC}") = "PhotoProspector.Data", "PhotoProspector.Data\PhotoProspector.Data.csproj", "{981974AC-09BA-4BCE-B611-FB26F1CE3CE1}"
EndProject
Project("{FAE04EC0-301F-11D3-BF4B-00C04F79EFBC}") = "PhotoProspector.Domain", "PhotoProspector.Domain\PhotoProspector.Domain.csproj", "{6B68ECAF-E529-4B04-A93D-8ED98FFA6041}"
EndProject
Project("{FAE04EC0-301F-11D3-BF4B-00C04F79EFBC}") = "PhotoProspector.Service", "PhotoProspector.Service\PhotoProspector.Service.csproj", "{8A186E7D-EB42-4DE5-BD47-4FCFF77A8C22}"
EndProject
Global
	GlobalSection(SolutionConfigurationPlatforms) = preSolution
		Debug|Any CPU = Debug|Any CPU
		Release|Any CPU = Release|Any CPU
	EndGlobalSection
	GlobalSection(ProjectConfigurationPlatforms) = postSolution
		{A558BE8A-42B6-4E28-9EBD-E58FA735858B}.Debug|Any CPU.ActiveCfg = Debug|Any CPU
		{A558BE8A-42B6-4E28-9EBD-E58FA735858B}.Debug|Any CPU.Build.0 = Debug|Any CPU
		{A558BE8A-42B6-4E28-9EBD-E58FA735858B}.Release|Any CPU.ActiveCfg = Release|Any CPU
		{A558BE8A-42B6-4E28-9EBD-E58FA735858B}.Release|Any CPU.Build.0 = Release|Any CPU
		{B93D8591-AF80-4CA0-AF62-839F6D3F7524}.Debug|Any CPU.ActiveCfg = Debug|Any CPU
		{B93D8591-AF80-4CA0-AF62-839F6D3F7524}.Debug|Any CPU.Build.0 = Debug|Any CPU
		{B93D8591-AF80-4CA0-AF62-839F6D3F7524}.Release|Any CPU.ActiveCfg = Release|Any CPU
		{B93D8591-AF80-4CA0-AF62-839F6D3F7524}.Release|Any CPU.Build.0 = Release|Any CPU
		{981974AC-09BA-4BCE-B611-FB26F1CE3CE1}.Debug|Any CPU.ActiveCfg = Debug|Any CPU
		{981974AC-09BA-4BCE-B611-FB26F1CE3CE1}.Debug|Any CPU.Build.0 = Debug|Any CPU
		{981974AC-09BA-4BCE-B611-FB26F1CE3CE1}.Release|Any CPU.ActiveCfg = Release|Any CPU
		{981974AC-09BA-4BCE-B611-FB26F1CE3CE1}.Release|Any CPU.Build.0 = Release|Any CPU
		{6B68ECAF-E529-4B04-A93D-8ED98FFA6041}.Debug|Any CPU.ActiveCfg = Debug|Any CPU
		{6B68ECAF-E529-4B04-A93D-8ED98FFA6041}.Debug|Any CPU.Build.0 = Debug|Any CPU
		{6B68ECAF-E529-4B04-A93D-8ED98FFA6041}.Release|Any CPU.ActiveCfg = Release|Any CPU
		{6B68ECAF-E529-4B04-A93D-8ED98FFA6041}.Release|Any CPU.Build.0 = Release|Any CPU
		{8A186E7D-EB42-4DE5-BD47-4FCFF77A8C22}.Debug|Any CPU.ActiveCfg = Debug|Any CPU
		{8A186E7D-EB42-4DE5-BD47-4FCFF77A8C22}.Debug|Any CPU.Build.0 = Debug|Any CPU
		{8A186E7D-EB42-4DE5-BD47-4FCFF77A8C22}.Release|Any CPU.ActiveCfg = Release|Any CPU
		{8A186E7D-EB42-4DE5-BD47-4FCFF77A8C22}.Release|Any CPU.Build.0 = Release|Any CPU
	EndGlobalSection
	GlobalSection(SolutionProperties) = preSolution
		HideSolutionNode = FALSE
	EndGlobalSection
EndGlobal
